
Microsoft Visual Studio Solution File, Format Version 12.00
# Visual Studio Version 17
VisualStudioVersion = 17.5.002.0
MinimumVisualStudioVersion = 10.0.40219.1
Project("{9A19103F-16F7-4668-BE54-9A1E7A4F7556}") = "MyApp", "MyApp.csproj", "{6A8960D0-0CA1-4387-937E-FD872F03476C}"
EndProject
Global
	GlobalSection(SolutionConfigurationPlatforms) = preSolution
		Debug|Any CPU = Debug|Any CPU
		Release|Any CPU = Release|Any CPU
	EndGlobalSection
	GlobalSection(ProjectConfigurationPlatforms) = postSolution
		{6A8960D0-0CA1-4387-937E-FD872F03476C}.Debug|Any CPU.ActiveCfg = Debug|Any CPU
		{6A8960D0-0CA1-4387-937E-FD872F03476C}.Debug|Any CPU.Build.0 = Debug|Any CPU
		{6A8960D0-0CA1-4387-937E-FD872F03476C}.Release|Any CPU.ActiveCfg = Release|Any CPU
		{6A8960D0-0CA1-4387-937E-FD872F03476C}.Release|Any CPU.Build.0 = Release|Any CPU
	EndGlobalSection
	GlobalSection(SolutionProperties) = preSolution
		HideSolutionNode = FALSE
	EndGlobalSection
	GlobalSection(ExtensibilityGlobals) = postSolution
		SolutionGuid = {9194A516-416B-4765-9997-E6EDFBE05919}
	EndGlobalSection
EndGlobal
